// !$*UTF8*$!
{
	archiveVersion = 1;
	classes = {
	};
	objectVersion = 55;
	objects = {

/* Begin PBXBuildFile section */
		46884CC08477CF92361513F5 /* Pods_OnWheels.framework in Frameworks */ = {isa = PBXBuildFile; fileRef = 3C4ADE88AF70F35B16C543E1 /* Pods_OnWheels.framework */; };
		5455F97E292B893300E63E72 /* LogInContainer.swift in Sources */ = {isa = PBXBuildFile; fileRef = 5455F978292B893300E63E72 /* LogInContainer.swift */; };
		5455F97F292B893300E63E72 /* LogInInteractor.swift in Sources */ = {isa = PBXBuildFile; fileRef = 5455F979292B893300E63E72 /* LogInInteractor.swift */; };
		5455F980292B893300E63E72 /* LogInViewController.swift in Sources */ = {isa = PBXBuildFile; fileRef = 5455F97A292B893300E63E72 /* LogInViewController.swift */; };
		5455F981292B893300E63E72 /* LogInProtocols.swift in Sources */ = {isa = PBXBuildFile; fileRef = 5455F97B292B893300E63E72 /* LogInProtocols.swift */; };
		5455F982292B893300E63E72 /* LogInPresenter.swift in Sources */ = {isa = PBXBuildFile; fileRef = 5455F97C292B893300E63E72 /* LogInPresenter.swift */; };
		5455F983292B893300E63E72 /* LogInRouter.swift in Sources */ = {isa = PBXBuildFile; fileRef = 5455F97D292B893300E63E72 /* LogInRouter.swift */; };
		5455F98B292B893B00E63E72 /* RegistrationInteractor.swift in Sources */ = {isa = PBXBuildFile; fileRef = 5455F985292B893B00E63E72 /* RegistrationInteractor.swift */; };
		5455F98C292B893B00E63E72 /* RegistrationRouter.swift in Sources */ = {isa = PBXBuildFile; fileRef = 5455F986292B893B00E63E72 /* RegistrationRouter.swift */; };
		5455F98D292B893B00E63E72 /* RegistrationContainer.swift in Sources */ = {isa = PBXBuildFile; fileRef = 5455F987292B893B00E63E72 /* RegistrationContainer.swift */; };
		5455F98E292B893B00E63E72 /* RegistrationPresenter.swift in Sources */ = {isa = PBXBuildFile; fileRef = 5455F988292B893B00E63E72 /* RegistrationPresenter.swift */; };
		5455F98F292B893B00E63E72 /* RegistrationProtocols.swift in Sources */ = {isa = PBXBuildFile; fileRef = 5455F989292B893B00E63E72 /* RegistrationProtocols.swift */; };
		5455F990292B893B00E63E72 /* RegistrationViewController.swift in Sources */ = {isa = PBXBuildFile; fileRef = 5455F98A292B893B00E63E72 /* RegistrationViewController.swift */; };
		5455F994292B8A2600E63E72 /* UIView+Extensions.swift in Sources */ = {isa = PBXBuildFile; fileRef = 5455F992292B8A2600E63E72 /* UIView+Extensions.swift */; };
		5455F995292B8A2600E63E72 /* UIStackView+Extensions.swift in Sources */ = {isa = PBXBuildFile; fileRef = 5455F993292B8A2600E63E72 /* UIStackView+Extensions.swift */; };
		7F02BD952926A6B400DDA504 /* EventsPresenter.swift in Sources */ = {isa = PBXBuildFile; fileRef = 7F02BD8F2926A6B300DDA504 /* EventsPresenter.swift */; };
		7F02BD962926A6B400DDA504 /* EventsViewController.swift in Sources */ = {isa = PBXBuildFile; fileRef = 7F02BD902926A6B300DDA504 /* EventsViewController.swift */; };
		7F02BD972926A6B400DDA504 /* EventsRouter.swift in Sources */ = {isa = PBXBuildFile; fileRef = 7F02BD912926A6B300DDA504 /* EventsRouter.swift */; };
		7F02BD982926A6B400DDA504 /* EventsContainer.swift in Sources */ = {isa = PBXBuildFile; fileRef = 7F02BD922926A6B300DDA504 /* EventsContainer.swift */; };
		7F02BD992926A6B400DDA504 /* EventsProtocols.swift in Sources */ = {isa = PBXBuildFile; fileRef = 7F02BD932926A6B300DDA504 /* EventsProtocols.swift */; };
		7F02BD9A2926A6B400DDA504 /* EventsInteractor.swift in Sources */ = {isa = PBXBuildFile; fileRef = 7F02BD942926A6B400DDA504 /* EventsInteractor.swift */; };
		7F02BD9D2926A6BD00DDA504 /* EventsInfoCell.swift in Sources */ = {isa = PBXBuildFile; fileRef = 7F02BD9C2926A6BD00DDA504 /* EventsInfoCell.swift */; };
		7F02BDA52926AC5900DDA504 /* AddEventPresenter.swift in Sources */ = {isa = PBXBuildFile; fileRef = 7F02BD9F2926AC5900DDA504 /* AddEventPresenter.swift */; };
		7F02BDA62926AC5900DDA504 /* AddEventRouter.swift in Sources */ = {isa = PBXBuildFile; fileRef = 7F02BDA02926AC5900DDA504 /* AddEventRouter.swift */; };
		7F02BDA72926AC5900DDA504 /* AddEventViewController.swift in Sources */ = {isa = PBXBuildFile; fileRef = 7F02BDA12926AC5900DDA504 /* AddEventViewController.swift */; };
		7F02BDA82926AC5900DDA504 /* AddEventProtocols.swift in Sources */ = {isa = PBXBuildFile; fileRef = 7F02BDA22926AC5900DDA504 /* AddEventProtocols.swift */; };
		7F02BDA92926AC5900DDA504 /* AddEventInteractor.swift in Sources */ = {isa = PBXBuildFile; fileRef = 7F02BDA32926AC5900DDA504 /* AddEventInteractor.swift */; };
		7F02BDAA2926AC5900DDA504 /* AddEventContainer.swift in Sources */ = {isa = PBXBuildFile; fileRef = 7F02BDA42926AC5900DDA504 /* AddEventContainer.swift */; };
		9401587229DAD6F1002F42FC /* AddEventContentView.swift in Sources */ = {isa = PBXBuildFile; fileRef = 9401587129DAD6F1002F42FC /* AddEventContentView.swift */; };
		94187A24291CFB8400A8163B /* AuthCoordinator.swift in Sources */ = {isa = PBXBuildFile; fileRef = 94187A23291CFB8400A8163B /* AuthCoordinator.swift */; };
		94187A26291CFB9100A8163B /* AppCoordinator.swift in Sources */ = {isa = PBXBuildFile; fileRef = 94187A25291CFB9100A8163B /* AppCoordinator.swift */; };
		94187A28291CFB9E00A8163B /* MainFlowCoordinator.swift in Sources */ = {isa = PBXBuildFile; fileRef = 94187A27291CFB9E00A8163B /* MainFlowCoordinator.swift */; };
		94187A2A291CFBAA00A8163B /* CoordinatorProtocol.swift in Sources */ = {isa = PBXBuildFile; fileRef = 94187A29291CFBAA00A8163B /* CoordinatorProtocol.swift */; };
		94187A41291D191B00A8163B /* EnterPresenter.swift in Sources */ = {isa = PBXBuildFile; fileRef = 94187A3B291D191B00A8163B /* EnterPresenter.swift */; };
		94187A42291D191B00A8163B /* EnterRouter.swift in Sources */ = {isa = PBXBuildFile; fileRef = 94187A3C291D191B00A8163B /* EnterRouter.swift */; };
		94187A43291D191B00A8163B /* EnterViewController.swift in Sources */ = {isa = PBXBuildFile; fileRef = 94187A3D291D191B00A8163B /* EnterViewController.swift */; };
		94187A44291D191B00A8163B /* EnterProtocols.swift in Sources */ = {isa = PBXBuildFile; fileRef = 94187A3E291D191B00A8163B /* EnterProtocols.swift */; };
		94187A45291D191B00A8163B /* EnterInteractor.swift in Sources */ = {isa = PBXBuildFile; fileRef = 94187A3F291D191B00A8163B /* EnterInteractor.swift */; };
		94187A46291D191B00A8163B /* EnterContainer.swift in Sources */ = {isa = PBXBuildFile; fileRef = 94187A40291D191B00A8163B /* EnterContainer.swift */; };
		941E98762955F2250068F802 /* EndPointType.swift in Sources */ = {isa = PBXBuildFile; fileRef = 941E98752955F2250068F802 /* EndPointType.swift */; };
		941E98782955F29E0068F802 /* HTTPMethod.swift in Sources */ = {isa = PBXBuildFile; fileRef = 941E98772955F29E0068F802 /* HTTPMethod.swift */; };
		941E987A2955F3060068F802 /* HTTPTask.swift in Sources */ = {isa = PBXBuildFile; fileRef = 941E98792955F3060068F802 /* HTTPTask.swift */; };
		941E987C2955F3C90068F802 /* ParameterEncoding.swift in Sources */ = {isa = PBXBuildFile; fileRef = 941E987B2955F3C90068F802 /* ParameterEncoding.swift */; };
		941E987E2955F4AE0068F802 /* URLParameterEncoder.swift in Sources */ = {isa = PBXBuildFile; fileRef = 941E987D2955F4AE0068F802 /* URLParameterEncoder.swift */; };
		941E98802955F70E0068F802 /* JSONParameterEncoder.swift in Sources */ = {isa = PBXBuildFile; fileRef = 941E987F2955F70E0068F802 /* JSONParameterEncoder.swift */; };
		941E98822955F7DB0068F802 /* NetworkRouter.swift in Sources */ = {isa = PBXBuildFile; fileRef = 941E98812955F7DB0068F802 /* NetworkRouter.swift */; };
		941E98842955F8CB0068F802 /* Router.swift in Sources */ = {isa = PBXBuildFile; fileRef = 941E98832955F8CB0068F802 /* Router.swift */; };
		941E9886295600700068F802 /* NetworkManager.swift in Sources */ = {isa = PBXBuildFile; fileRef = 941E9885295600700068F802 /* NetworkManager.swift */; };
		941E9888295721CE0068F802 /* UserEndPoint.swift in Sources */ = {isa = PBXBuildFile; fileRef = 941E9887295721CE0068F802 /* UserEndPoint.swift */; };
		941E988A295724470068F802 /* NetworkEnvironment.swift in Sources */ = {isa = PBXBuildFile; fileRef = 941E9889295724470068F802 /* NetworkEnvironment.swift */; };
		941E988D295729220068F802 /* UserModel.swift in Sources */ = {isa = PBXBuildFile; fileRef = 941E988C295729220068F802 /* UserModel.swift */; };
		941E989029573E610068F802 /* UserNetworkManager.swift in Sources */ = {isa = PBXBuildFile; fileRef = 941E988F29573E610068F802 /* UserNetworkManager.swift */; };
		941E98922958731E0068F802 /* ErrorModel.swift in Sources */ = {isa = PBXBuildFile; fileRef = 941E98912958731E0068F802 /* ErrorModel.swift */; };
		941E98942958BB4C0068F802 /* RacesNetworkManager.swift in Sources */ = {isa = PBXBuildFile; fileRef = 941E98932958BB4C0068F802 /* RacesNetworkManager.swift */; };
		941E98962958C15A0068F802 /* RacesModel.swift in Sources */ = {isa = PBXBuildFile; fileRef = 941E98952958C15A0068F802 /* RacesModel.swift */; };
		941E989A2958C2330068F802 /* RaceEndPoint.swift in Sources */ = {isa = PBXBuildFile; fileRef = 941E98992958C2330068F802 /* RaceEndPoint.swift */; };
		941E989C2958E4830068F802 /* RefreshToken.swift in Sources */ = {isa = PBXBuildFile; fileRef = 941E989B2958E4830068F802 /* RefreshToken.swift */; };
		942FBCF0294F66AA00A13511 /* RegistrationContentView.swift in Sources */ = {isa = PBXBuildFile; fileRef = 942FBCEF294F66AA00A13511 /* RegistrationContentView.swift */; };
		942FBCF22950DE4F00A13511 /* CustomTextField.swift in Sources */ = {isa = PBXBuildFile; fileRef = 942FBCF12950DE4F00A13511 /* CustomTextField.swift */; };
		944C6F1A29DDA9C900947A1F /* CustomMainButton.swift in Sources */ = {isa = PBXBuildFile; fileRef = 944C6F1929DDA9C900947A1F /* CustomMainButton.swift */; };
		944C6F1C29DDB1D800947A1F /* ImagePicker.swift in Sources */ = {isa = PBXBuildFile; fileRef = 944C6F1B29DDB1D800947A1F /* ImagePicker.swift */; };
		946C741429E2D536008353DE /* LocationDecoder.swift in Sources */ = {isa = PBXBuildFile; fileRef = 946C741329E2D536008353DE /* LocationDecoder.swift */; };
		947DFC2C292C032600045932 /* OneEventPresenter.swift in Sources */ = {isa = PBXBuildFile; fileRef = 947DFC26292C032600045932 /* OneEventPresenter.swift */; };
		947DFC2D292C032600045932 /* OneEventRouter.swift in Sources */ = {isa = PBXBuildFile; fileRef = 947DFC27292C032600045932 /* OneEventRouter.swift */; };
		947DFC2E292C032600045932 /* OneEventViewController.swift in Sources */ = {isa = PBXBuildFile; fileRef = 947DFC28292C032600045932 /* OneEventViewController.swift */; };
		947DFC2F292C032600045932 /* OneEventProtocols.swift in Sources */ = {isa = PBXBuildFile; fileRef = 947DFC29292C032600045932 /* OneEventProtocols.swift */; };
		947DFC30292C032600045932 /* OneEventInteractor.swift in Sources */ = {isa = PBXBuildFile; fileRef = 947DFC2A292C032600045932 /* OneEventInteractor.swift */; };
		947DFC31292C032600045932 /* OneEventContainer.swift in Sources */ = {isa = PBXBuildFile; fileRef = 947DFC2B292C032600045932 /* OneEventContainer.swift */; };
		947DFC33292C063600045932 /* EventTagView.swift in Sources */ = {isa = PBXBuildFile; fileRef = 947DFC32292C063600045932 /* EventTagView.swift */; };
		949A48A4290D37DA0011DF11 /* ProfilePresenter.swift in Sources */ = {isa = PBXBuildFile; fileRef = 949A489E290D37DA0011DF11 /* ProfilePresenter.swift */; };
		949A48A5290D37DA0011DF11 /* ProfileRouter.swift in Sources */ = {isa = PBXBuildFile; fileRef = 949A489F290D37DA0011DF11 /* ProfileRouter.swift */; };
		949A48A6290D37DA0011DF11 /* ProfileViewController.swift in Sources */ = {isa = PBXBuildFile; fileRef = 949A48A0290D37DA0011DF11 /* ProfileViewController.swift */; };
		949A48A7290D37DA0011DF11 /* ProfileProtocols.swift in Sources */ = {isa = PBXBuildFile; fileRef = 949A48A1290D37DA0011DF11 /* ProfileProtocols.swift */; };
		949A48A8290D37DA0011DF11 /* ProfileInteractor.swift in Sources */ = {isa = PBXBuildFile; fileRef = 949A48A2290D37DA0011DF11 /* ProfileInteractor.swift */; };
		949A48A9290D37DA0011DF11 /* ProfileContainer.swift in Sources */ = {isa = PBXBuildFile; fileRef = 949A48A3290D37DA0011DF11 /* ProfileContainer.swift */; };
		949A48B1290DBADB0011DF11 /* ProfileInfoCell.swift in Sources */ = {isa = PBXBuildFile; fileRef = 949A48B0290DBADB0011DF11 /* ProfileInfoCell.swift */; };
		94AEE7AB295B483100572BEF /* LocationExtension.swift in Sources */ = {isa = PBXBuildFile; fileRef = 94AEE7AA295B483100572BEF /* LocationExtension.swift */; };
		94AEFDC92936312000DD3786 /* EventInfoStackView.swift in Sources */ = {isa = PBXBuildFile; fileRef = 94AEFDC82936312000DD3786 /* EventInfoStackView.swift */; };
		94B2BF99291E52BA00F864B9 /* R.generated.swift in Sources */ = {isa = PBXBuildFile; fileRef = 94B2BF98291E52BA00F864B9 /* R.generated.swift */; };
		94B2BF9D291E557800F864B9 /* Localizable.strings in Resources */ = {isa = PBXBuildFile; fileRef = 94B2BF9F291E557800F864B9 /* Localizable.strings */; };
		94B2BFA229211DF500F864B9 /* ProfileFooterCell.swift in Sources */ = {isa = PBXBuildFile; fileRef = 94B2BFA129211DF500F864B9 /* ProfileFooterCell.swift */; };
		94E574952917C82F00EF9585 /* ColorExtension.swift in Sources */ = {isa = PBXBuildFile; fileRef = 94E574942917C82F00EF9585 /* ColorExtension.swift */; };
		94E574982917CA0600EF9585 /* ReuseIdentifier.swift in Sources */ = {isa = PBXBuildFile; fileRef = 94E574972917CA0600EF9585 /* ReuseIdentifier.swift */; };
		94FB88CF292CDA2C00A567C6 /* EventMapView.swift in Sources */ = {isa = PBXBuildFile; fileRef = 94FB88CE292CDA2C00A567C6 /* EventMapView.swift */; };
		ECC991EE29054F3A00BC3FA5 /* AppDelegate.swift in Sources */ = {isa = PBXBuildFile; fileRef = ECC991ED29054F3A00BC3FA5 /* AppDelegate.swift */; };
		ECC991F029054F3A00BC3FA5 /* SceneDelegate.swift in Sources */ = {isa = PBXBuildFile; fileRef = ECC991EF29054F3A00BC3FA5 /* SceneDelegate.swift */; };
		ECC991F229054F3A00BC3FA5 /* ViewController.swift in Sources */ = {isa = PBXBuildFile; fileRef = ECC991F129054F3A00BC3FA5 /* ViewController.swift */; };
		ECC991F529054F3A00BC3FA5 /* Main.storyboard in Resources */ = {isa = PBXBuildFile; fileRef = ECC991F329054F3A00BC3FA5 /* Main.storyboard */; };
		ECC991F729054F3B00BC3FA5 /* Assets.xcassets in Resources */ = {isa = PBXBuildFile; fileRef = ECC991F629054F3B00BC3FA5 /* Assets.xcassets */; };
		ECC991FA29054F3B00BC3FA5 /* LaunchScreen.storyboard in Resources */ = {isa = PBXBuildFile; fileRef = ECC991F829054F3B00BC3FA5 /* LaunchScreen.storyboard */; };
/* End PBXBuildFile section */

/* Begin PBXFileReference section */
		2CD4B8820DA8076D6EA7C251 /* Pods-OnWheels.debug.xcconfig */ = {isa = PBXFileReference; includeInIndex = 1; lastKnownFileType = text.xcconfig; name = "Pods-OnWheels.debug.xcconfig"; path = "Target Support Files/Pods-OnWheels/Pods-OnWheels.debug.xcconfig"; sourceTree = "<group>"; };
		3C4ADE88AF70F35B16C543E1 /* Pods_OnWheels.framework */ = {isa = PBXFileReference; explicitFileType = wrapper.framework; includeInIndex = 0; path = Pods_OnWheels.framework; sourceTree = BUILT_PRODUCTS_DIR; };
		5455F978292B893300E63E72 /* LogInContainer.swift */ = {isa = PBXFileReference; fileEncoding = 4; lastKnownFileType = sourcecode.swift; path = LogInContainer.swift; sourceTree = "<group>"; };
		5455F979292B893300E63E72 /* LogInInteractor.swift */ = {isa = PBXFileReference; fileEncoding = 4; lastKnownFileType = sourcecode.swift; path = LogInInteractor.swift; sourceTree = "<group>"; };
		5455F97A292B893300E63E72 /* LogInViewController.swift */ = {isa = PBXFileReference; fileEncoding = 4; lastKnownFileType = sourcecode.swift; path = LogInViewController.swift; sourceTree = "<group>"; };
		5455F97B292B893300E63E72 /* LogInProtocols.swift */ = {isa = PBXFileReference; fileEncoding = 4; lastKnownFileType = sourcecode.swift; path = LogInProtocols.swift; sourceTree = "<group>"; };
		5455F97C292B893300E63E72 /* LogInPresenter.swift */ = {isa = PBXFileReference; fileEncoding = 4; lastKnownFileType = sourcecode.swift; path = LogInPresenter.swift; sourceTree = "<group>"; };
		5455F97D292B893300E63E72 /* LogInRouter.swift */ = {isa = PBXFileReference; fileEncoding = 4; lastKnownFileType = sourcecode.swift; path = LogInRouter.swift; sourceTree = "<group>"; };
		5455F985292B893B00E63E72 /* RegistrationInteractor.swift */ = {isa = PBXFileReference; fileEncoding = 4; lastKnownFileType = sourcecode.swift; path = RegistrationInteractor.swift; sourceTree = "<group>"; };
		5455F986292B893B00E63E72 /* RegistrationRouter.swift */ = {isa = PBXFileReference; fileEncoding = 4; lastKnownFileType = sourcecode.swift; path = RegistrationRouter.swift; sourceTree = "<group>"; };
		5455F987292B893B00E63E72 /* RegistrationContainer.swift */ = {isa = PBXFileReference; fileEncoding = 4; lastKnownFileType = sourcecode.swift; path = RegistrationContainer.swift; sourceTree = "<group>"; };
		5455F988292B893B00E63E72 /* RegistrationPresenter.swift */ = {isa = PBXFileReference; fileEncoding = 4; lastKnownFileType = sourcecode.swift; path = RegistrationPresenter.swift; sourceTree = "<group>"; };
		5455F989292B893B00E63E72 /* RegistrationProtocols.swift */ = {isa = PBXFileReference; fileEncoding = 4; lastKnownFileType = sourcecode.swift; path = RegistrationProtocols.swift; sourceTree = "<group>"; };
		5455F98A292B893B00E63E72 /* RegistrationViewController.swift */ = {isa = PBXFileReference; fileEncoding = 4; lastKnownFileType = sourcecode.swift; path = RegistrationViewController.swift; sourceTree = "<group>"; };
		5455F992292B8A2600E63E72 /* UIView+Extensions.swift */ = {isa = PBXFileReference; fileEncoding = 4; lastKnownFileType = sourcecode.swift; path = "UIView+Extensions.swift"; sourceTree = "<group>"; };
		5455F993292B8A2600E63E72 /* UIStackView+Extensions.swift */ = {isa = PBXFileReference; fileEncoding = 4; lastKnownFileType = sourcecode.swift; path = "UIStackView+Extensions.swift"; sourceTree = "<group>"; };
		7F02BD8F2926A6B300DDA504 /* EventsPresenter.swift */ = {isa = PBXFileReference; fileEncoding = 4; lastKnownFileType = sourcecode.swift; path = EventsPresenter.swift; sourceTree = "<group>"; };
		7F02BD902926A6B300DDA504 /* EventsViewController.swift */ = {isa = PBXFileReference; fileEncoding = 4; lastKnownFileType = sourcecode.swift; path = EventsViewController.swift; sourceTree = "<group>"; };
		7F02BD912926A6B300DDA504 /* EventsRouter.swift */ = {isa = PBXFileReference; fileEncoding = 4; lastKnownFileType = sourcecode.swift; path = EventsRouter.swift; sourceTree = "<group>"; };
		7F02BD922926A6B300DDA504 /* EventsContainer.swift */ = {isa = PBXFileReference; fileEncoding = 4; lastKnownFileType = sourcecode.swift; path = EventsContainer.swift; sourceTree = "<group>"; };
		7F02BD932926A6B300DDA504 /* EventsProtocols.swift */ = {isa = PBXFileReference; fileEncoding = 4; lastKnownFileType = sourcecode.swift; path = EventsProtocols.swift; sourceTree = "<group>"; };
		7F02BD942926A6B400DDA504 /* EventsInteractor.swift */ = {isa = PBXFileReference; fileEncoding = 4; lastKnownFileType = sourcecode.swift; path = EventsInteractor.swift; sourceTree = "<group>"; };
		7F02BD9C2926A6BD00DDA504 /* EventsInfoCell.swift */ = {isa = PBXFileReference; fileEncoding = 4; lastKnownFileType = sourcecode.swift; path = EventsInfoCell.swift; sourceTree = "<group>"; };
		7F02BD9F2926AC5900DDA504 /* AddEventPresenter.swift */ = {isa = PBXFileReference; lastKnownFileType = sourcecode.swift; path = AddEventPresenter.swift; sourceTree = "<group>"; };
		7F02BDA02926AC5900DDA504 /* AddEventRouter.swift */ = {isa = PBXFileReference; lastKnownFileType = sourcecode.swift; path = AddEventRouter.swift; sourceTree = "<group>"; };
		7F02BDA12926AC5900DDA504 /* AddEventViewController.swift */ = {isa = PBXFileReference; lastKnownFileType = sourcecode.swift; path = AddEventViewController.swift; sourceTree = "<group>"; };
		7F02BDA22926AC5900DDA504 /* AddEventProtocols.swift */ = {isa = PBXFileReference; lastKnownFileType = sourcecode.swift; path = AddEventProtocols.swift; sourceTree = "<group>"; };
		7F02BDA32926AC5900DDA504 /* AddEventInteractor.swift */ = {isa = PBXFileReference; lastKnownFileType = sourcecode.swift; path = AddEventInteractor.swift; sourceTree = "<group>"; };
		7F02BDA42926AC5900DDA504 /* AddEventContainer.swift */ = {isa = PBXFileReference; lastKnownFileType = sourcecode.swift; path = AddEventContainer.swift; sourceTree = "<group>"; };
		9401587129DAD6F1002F42FC /* AddEventContentView.swift */ = {isa = PBXFileReference; lastKnownFileType = sourcecode.swift; path = AddEventContentView.swift; sourceTree = "<group>"; };
		94187A23291CFB8400A8163B /* AuthCoordinator.swift */ = {isa = PBXFileReference; lastKnownFileType = sourcecode.swift; path = AuthCoordinator.swift; sourceTree = "<group>"; };
		94187A25291CFB9100A8163B /* AppCoordinator.swift */ = {isa = PBXFileReference; lastKnownFileType = sourcecode.swift; path = AppCoordinator.swift; sourceTree = "<group>"; };
		94187A27291CFB9E00A8163B /* MainFlowCoordinator.swift */ = {isa = PBXFileReference; lastKnownFileType = sourcecode.swift; path = MainFlowCoordinator.swift; sourceTree = "<group>"; };
		94187A29291CFBAA00A8163B /* CoordinatorProtocol.swift */ = {isa = PBXFileReference; lastKnownFileType = sourcecode.swift; path = CoordinatorProtocol.swift; sourceTree = "<group>"; };
		94187A3B291D191B00A8163B /* EnterPresenter.swift */ = {isa = PBXFileReference; lastKnownFileType = sourcecode.swift; path = EnterPresenter.swift; sourceTree = "<group>"; };
		94187A3C291D191B00A8163B /* EnterRouter.swift */ = {isa = PBXFileReference; lastKnownFileType = sourcecode.swift; path = EnterRouter.swift; sourceTree = "<group>"; };
		94187A3D291D191B00A8163B /* EnterViewController.swift */ = {isa = PBXFileReference; lastKnownFileType = sourcecode.swift; path = EnterViewController.swift; sourceTree = "<group>"; };
		94187A3E291D191B00A8163B /* EnterProtocols.swift */ = {isa = PBXFileReference; lastKnownFileType = sourcecode.swift; path = EnterProtocols.swift; sourceTree = "<group>"; };
		94187A3F291D191B00A8163B /* EnterInteractor.swift */ = {isa = PBXFileReference; lastKnownFileType = sourcecode.swift; path = EnterInteractor.swift; sourceTree = "<group>"; };
		94187A40291D191B00A8163B /* EnterContainer.swift */ = {isa = PBXFileReference; lastKnownFileType = sourcecode.swift; path = EnterContainer.swift; sourceTree = "<group>"; };
		941E98752955F2250068F802 /* EndPointType.swift */ = {isa = PBXFileReference; lastKnownFileType = sourcecode.swift; path = EndPointType.swift; sourceTree = "<group>"; };
		941E98772955F29E0068F802 /* HTTPMethod.swift */ = {isa = PBXFileReference; lastKnownFileType = sourcecode.swift; path = HTTPMethod.swift; sourceTree = "<group>"; };
		941E98792955F3060068F802 /* HTTPTask.swift */ = {isa = PBXFileReference; lastKnownFileType = sourcecode.swift; path = HTTPTask.swift; sourceTree = "<group>"; };
		941E987B2955F3C90068F802 /* ParameterEncoding.swift */ = {isa = PBXFileReference; lastKnownFileType = sourcecode.swift; path = ParameterEncoding.swift; sourceTree = "<group>"; };
		941E987D2955F4AE0068F802 /* URLParameterEncoder.swift */ = {isa = PBXFileReference; lastKnownFileType = sourcecode.swift; path = URLParameterEncoder.swift; sourceTree = "<group>"; };
		941E987F2955F70E0068F802 /* JSONParameterEncoder.swift */ = {isa = PBXFileReference; lastKnownFileType = sourcecode.swift; path = JSONParameterEncoder.swift; sourceTree = "<group>"; };
		941E98812955F7DB0068F802 /* NetworkRouter.swift */ = {isa = PBXFileReference; lastKnownFileType = sourcecode.swift; path = NetworkRouter.swift; sourceTree = "<group>"; };
		941E98832955F8CB0068F802 /* Router.swift */ = {isa = PBXFileReference; lastKnownFileType = sourcecode.swift; path = Router.swift; sourceTree = "<group>"; };
		941E9885295600700068F802 /* NetworkManager.swift */ = {isa = PBXFileReference; lastKnownFileType = sourcecode.swift; path = NetworkManager.swift; sourceTree = "<group>"; };
		941E9887295721CE0068F802 /* UserEndPoint.swift */ = {isa = PBXFileReference; lastKnownFileType = sourcecode.swift; path = UserEndPoint.swift; sourceTree = "<group>"; };
		941E9889295724470068F802 /* NetworkEnvironment.swift */ = {isa = PBXFileReference; lastKnownFileType = sourcecode.swift; path = NetworkEnvironment.swift; sourceTree = "<group>"; };
		941E988C295729220068F802 /* UserModel.swift */ = {isa = PBXFileReference; lastKnownFileType = sourcecode.swift; path = UserModel.swift; sourceTree = "<group>"; };
		941E988F29573E610068F802 /* UserNetworkManager.swift */ = {isa = PBXFileReference; lastKnownFileType = sourcecode.swift; path = UserNetworkManager.swift; sourceTree = "<group>"; };
		941E98912958731E0068F802 /* ErrorModel.swift */ = {isa = PBXFileReference; lastKnownFileType = sourcecode.swift; path = ErrorModel.swift; sourceTree = "<group>"; };
		941E98932958BB4C0068F802 /* RacesNetworkManager.swift */ = {isa = PBXFileReference; lastKnownFileType = sourcecode.swift; path = RacesNetworkManager.swift; sourceTree = "<group>"; };
		941E98952958C15A0068F802 /* RacesModel.swift */ = {isa = PBXFileReference; lastKnownFileType = sourcecode.swift; path = RacesModel.swift; sourceTree = "<group>"; };
		941E98992958C2330068F802 /* RaceEndPoint.swift */ = {isa = PBXFileReference; lastKnownFileType = sourcecode.swift; path = RaceEndPoint.swift; sourceTree = "<group>"; };
		941E989B2958E4830068F802 /* RefreshToken.swift */ = {isa = PBXFileReference; lastKnownFileType = sourcecode.swift; path = RefreshToken.swift; sourceTree = "<group>"; };
		942FBCEF294F66AA00A13511 /* RegistrationContentView.swift */ = {isa = PBXFileReference; lastKnownFileType = sourcecode.swift; path = RegistrationContentView.swift; sourceTree = "<group>"; };
		942FBCF12950DE4F00A13511 /* CustomTextField.swift */ = {isa = PBXFileReference; lastKnownFileType = sourcecode.swift; path = CustomTextField.swift; sourceTree = "<group>"; };
		944C6F1929DDA9C900947A1F /* CustomMainButton.swift */ = {isa = PBXFileReference; lastKnownFileType = sourcecode.swift; path = CustomMainButton.swift; sourceTree = "<group>"; };
		944C6F1B29DDB1D800947A1F /* ImagePicker.swift */ = {isa = PBXFileReference; lastKnownFileType = sourcecode.swift; path = ImagePicker.swift; sourceTree = "<group>"; };
		946C741329E2D536008353DE /* LocationDecoder.swift */ = {isa = PBXFileReference; lastKnownFileType = sourcecode.swift; path = LocationDecoder.swift; sourceTree = "<group>"; };
		947DFC26292C032600045932 /* OneEventPresenter.swift */ = {isa = PBXFileReference; lastKnownFileType = sourcecode.swift; path = OneEventPresenter.swift; sourceTree = "<group>"; };
		947DFC27292C032600045932 /* OneEventRouter.swift */ = {isa = PBXFileReference; lastKnownFileType = sourcecode.swift; path = OneEventRouter.swift; sourceTree = "<group>"; };
		947DFC28292C032600045932 /* OneEventViewController.swift */ = {isa = PBXFileReference; lastKnownFileType = sourcecode.swift; path = OneEventViewController.swift; sourceTree = "<group>"; };
		947DFC29292C032600045932 /* OneEventProtocols.swift */ = {isa = PBXFileReference; lastKnownFileType = sourcecode.swift; path = OneEventProtocols.swift; sourceTree = "<group>"; };
		947DFC2A292C032600045932 /* OneEventInteractor.swift */ = {isa = PBXFileReference; lastKnownFileType = sourcecode.swift; path = OneEventInteractor.swift; sourceTree = "<group>"; };
		947DFC2B292C032600045932 /* OneEventContainer.swift */ = {isa = PBXFileReference; lastKnownFileType = sourcecode.swift; path = OneEventContainer.swift; sourceTree = "<group>"; };
		947DFC32292C063600045932 /* EventTagView.swift */ = {isa = PBXFileReference; lastKnownFileType = sourcecode.swift; path = EventTagView.swift; sourceTree = "<group>"; };
		949A489E290D37DA0011DF11 /* ProfilePresenter.swift */ = {isa = PBXFileReference; lastKnownFileType = sourcecode.swift; path = ProfilePresenter.swift; sourceTree = "<group>"; };
		949A489F290D37DA0011DF11 /* ProfileRouter.swift */ = {isa = PBXFileReference; lastKnownFileType = sourcecode.swift; path = ProfileRouter.swift; sourceTree = "<group>"; };
		949A48A0290D37DA0011DF11 /* ProfileViewController.swift */ = {isa = PBXFileReference; lastKnownFileType = sourcecode.swift; path = ProfileViewController.swift; sourceTree = "<group>"; };
		949A48A1290D37DA0011DF11 /* ProfileProtocols.swift */ = {isa = PBXFileReference; lastKnownFileType = sourcecode.swift; path = ProfileProtocols.swift; sourceTree = "<group>"; };
		949A48A2290D37DA0011DF11 /* ProfileInteractor.swift */ = {isa = PBXFileReference; lastKnownFileType = sourcecode.swift; path = ProfileInteractor.swift; sourceTree = "<group>"; };
		949A48A3290D37DA0011DF11 /* ProfileContainer.swift */ = {isa = PBXFileReference; lastKnownFileType = sourcecode.swift; path = ProfileContainer.swift; sourceTree = "<group>"; };
		949A48B0290DBADB0011DF11 /* ProfileInfoCell.swift */ = {isa = PBXFileReference; lastKnownFileType = sourcecode.swift; path = ProfileInfoCell.swift; sourceTree = "<group>"; };
		94AEE7AA295B483100572BEF /* LocationExtension.swift */ = {isa = PBXFileReference; lastKnownFileType = sourcecode.swift; path = LocationExtension.swift; sourceTree = "<group>"; };
		94AEFDC82936312000DD3786 /* EventInfoStackView.swift */ = {isa = PBXFileReference; lastKnownFileType = sourcecode.swift; path = EventInfoStackView.swift; sourceTree = "<group>"; };
		94B2BF98291E52BA00F864B9 /* R.generated.swift */ = {isa = PBXFileReference; fileEncoding = 4; lastKnownFileType = sourcecode.swift; path = R.generated.swift; sourceTree = SOURCE_ROOT; };
		94B2BF9E291E557800F864B9 /* en */ = {isa = PBXFileReference; lastKnownFileType = text.plist.strings; name = en; path = en.lproj/Localizable.strings; sourceTree = "<group>"; };
		94B2BFA0291E55A300F864B9 /* ru */ = {isa = PBXFileReference; lastKnownFileType = text.plist.strings; name = ru; path = ru.lproj/Localizable.strings; sourceTree = "<group>"; };
		94B2BFA129211DF500F864B9 /* ProfileFooterCell.swift */ = {isa = PBXFileReference; lastKnownFileType = sourcecode.swift; path = ProfileFooterCell.swift; sourceTree = "<group>"; };
		94E574942917C82F00EF9585 /* ColorExtension.swift */ = {isa = PBXFileReference; lastKnownFileType = sourcecode.swift; path = ColorExtension.swift; sourceTree = "<group>"; };
		94E574972917CA0600EF9585 /* ReuseIdentifier.swift */ = {isa = PBXFileReference; lastKnownFileType = sourcecode.swift; path = ReuseIdentifier.swift; sourceTree = "<group>"; };
		94FB88CE292CDA2C00A567C6 /* EventMapView.swift */ = {isa = PBXFileReference; lastKnownFileType = sourcecode.swift; path = EventMapView.swift; sourceTree = "<group>"; };
		D6908DD2E42FBDBAAFCECDCB /* Pods-OnWheels.release.xcconfig */ = {isa = PBXFileReference; includeInIndex = 1; lastKnownFileType = text.xcconfig; name = "Pods-OnWheels.release.xcconfig"; path = "Target Support Files/Pods-OnWheels/Pods-OnWheels.release.xcconfig"; sourceTree = "<group>"; };
		ECC991EA29054F3A00BC3FA5 /* OnWheels.app */ = {isa = PBXFileReference; explicitFileType = wrapper.application; includeInIndex = 0; path = OnWheels.app; sourceTree = BUILT_PRODUCTS_DIR; };
		ECC991ED29054F3A00BC3FA5 /* AppDelegate.swift */ = {isa = PBXFileReference; lastKnownFileType = sourcecode.swift; path = AppDelegate.swift; sourceTree = "<group>"; };
		ECC991EF29054F3A00BC3FA5 /* SceneDelegate.swift */ = {isa = PBXFileReference; lastKnownFileType = sourcecode.swift; path = SceneDelegate.swift; sourceTree = "<group>"; };
		ECC991F129054F3A00BC3FA5 /* ViewController.swift */ = {isa = PBXFileReference; lastKnownFileType = sourcecode.swift; path = ViewController.swift; sourceTree = "<group>"; };
		ECC991F429054F3A00BC3FA5 /* Base */ = {isa = PBXFileReference; lastKnownFileType = file.storyboard; name = Base; path = Base.lproj/Main.storyboard; sourceTree = "<group>"; };
		ECC991F629054F3B00BC3FA5 /* Assets.xcassets */ = {isa = PBXFileReference; lastKnownFileType = folder.assetcatalog; path = Assets.xcassets; sourceTree = "<group>"; };
		ECC991F929054F3B00BC3FA5 /* Base */ = {isa = PBXFileReference; lastKnownFileType = file.storyboard; name = Base; path = Base.lproj/LaunchScreen.storyboard; sourceTree = "<group>"; };
		ECC991FB29054F3B00BC3FA5 /* Info.plist */ = {isa = PBXFileReference; lastKnownFileType = text.plist.xml; path = Info.plist; sourceTree = "<group>"; };
/* End PBXFileReference section */

/* Begin PBXFrameworksBuildPhase section */
		ECC991E729054F3A00BC3FA5 /* Frameworks */ = {
			isa = PBXFrameworksBuildPhase;
			buildActionMask = 2147483647;
			files = (
				46884CC08477CF92361513F5 /* Pods_OnWheels.framework in Frameworks */,
			);
			runOnlyForDeploymentPostprocessing = 0;
		};
/* End PBXFrameworksBuildPhase section */

/* Begin PBXGroup section */
		5455F977292B893300E63E72 /* LogIn */ = {
			isa = PBXGroup;
			children = (
				5455F978292B893300E63E72 /* LogInContainer.swift */,
				5455F979292B893300E63E72 /* LogInInteractor.swift */,
				5455F97A292B893300E63E72 /* LogInViewController.swift */,
				5455F97B292B893300E63E72 /* LogInProtocols.swift */,
				5455F97C292B893300E63E72 /* LogInPresenter.swift */,
				5455F97D292B893300E63E72 /* LogInRouter.swift */,
			);
			path = LogIn;
			sourceTree = "<group>";
		};
		5455F984292B893B00E63E72 /* Registration */ = {
			isa = PBXGroup;
			children = (
				5455F985292B893B00E63E72 /* RegistrationInteractor.swift */,
				5455F986292B893B00E63E72 /* RegistrationRouter.swift */,
				5455F987292B893B00E63E72 /* RegistrationContainer.swift */,
				5455F988292B893B00E63E72 /* RegistrationPresenter.swift */,
				5455F989292B893B00E63E72 /* RegistrationProtocols.swift */,
				5455F98A292B893B00E63E72 /* RegistrationViewController.swift */,
			);
			path = Registration;
			sourceTree = "<group>";
		};
		5455F991292B8A2600E63E72 /* Extensions */ = {
			isa = PBXGroup;
			children = (
				5455F992292B8A2600E63E72 /* UIView+Extensions.swift */,
				5455F993292B8A2600E63E72 /* UIStackView+Extensions.swift */,
			);
			path = Extensions;
			sourceTree = "<group>";
		};
		66B9F82D5EE906A7663E77A8 /* Pods */ = {
			isa = PBXGroup;
			children = (
				2CD4B8820DA8076D6EA7C251 /* Pods-OnWheels.debug.xcconfig */,
				D6908DD2E42FBDBAAFCECDCB /* Pods-OnWheels.release.xcconfig */,
			);
			path = Pods;
			sourceTree = "<group>";
		};
		7F02BD9B2926A6BD00DDA504 /* Cell */ = {
			isa = PBXGroup;
			children = (
				7F02BD9C2926A6BD00DDA504 /* EventsInfoCell.swift */,
			);
			path = Cell;
			sourceTree = "<group>";
		};
		7F02BD9E2926ABEB00DDA504 /* AddEvent */ = {
			isa = PBXGroup;
			children = (
				7F02BD9F2926AC5900DDA504 /* AddEventPresenter.swift */,
				7F02BDA02926AC5900DDA504 /* AddEventRouter.swift */,
				7F02BDA12926AC5900DDA504 /* AddEventViewController.swift */,
				7F02BDA22926AC5900DDA504 /* AddEventProtocols.swift */,
				7F02BDA32926AC5900DDA504 /* AddEventInteractor.swift */,
				7F02BDA42926AC5900DDA504 /* AddEventContainer.swift */,
			);
			path = AddEvent;
			sourceTree = "<group>";
		};
		94187A22291CF95B00A8163B /* Coordinator */ = {
			isa = PBXGroup;
			children = (
				94187A23291CFB8400A8163B /* AuthCoordinator.swift */,
				94187A25291CFB9100A8163B /* AppCoordinator.swift */,
				94187A27291CFB9E00A8163B /* MainFlowCoordinator.swift */,
				94187A29291CFBAA00A8163B /* CoordinatorProtocol.swift */,
			);
			path = Coordinator;
			sourceTree = "<group>";
		};
		94187A2C291CFD7900A8163B /* Events */ = {
			isa = PBXGroup;
			children = (
				7F02BD9B2926A6BD00DDA504 /* Cell */,
				7F02BD922926A6B300DDA504 /* EventsContainer.swift */,
				7F02BD942926A6B400DDA504 /* EventsInteractor.swift */,
				7F02BD8F2926A6B300DDA504 /* EventsPresenter.swift */,
				7F02BD932926A6B300DDA504 /* EventsProtocols.swift */,
				7F02BD912926A6B300DDA504 /* EventsRouter.swift */,
				7F02BD902926A6B300DDA504 /* EventsViewController.swift */,
			);
			path = Events;
			sourceTree = "<group>";
		};
		94187A3A291D190600A8163B /* Enter */ = {
			isa = PBXGroup;
			children = (
				94187A3B291D191B00A8163B /* EnterPresenter.swift */,
				94187A3C291D191B00A8163B /* EnterRouter.swift */,
				94187A3D291D191B00A8163B /* EnterViewController.swift */,
				94187A3E291D191B00A8163B /* EnterProtocols.swift */,
				94187A3F291D191B00A8163B /* EnterInteractor.swift */,
				94187A40291D191B00A8163B /* EnterContainer.swift */,
			);
			path = Enter;
			sourceTree = "<group>";
		};
		941E98702955F1DB0068F802 /* Networking */ = {
			isa = PBXGroup;
			children = (
				941E98742955F20B0068F802 /* Encoding */,
				941E98732955F2000068F802 /* Manager */,
				941E98722955F1F20068F802 /* EndPoint */,
				941E98712955F1EB0068F802 /* Service */,
			);
			name = Networking;
			path = ../Networking;
			sourceTree = "<group>";
		};
		941E98712955F1EB0068F802 /* Service */ = {
			isa = PBXGroup;
			children = (
				941E98752955F2250068F802 /* EndPointType.swift */,
				941E98772955F29E0068F802 /* HTTPMethod.swift */,
				941E98792955F3060068F802 /* HTTPTask.swift */,
				941E98812955F7DB0068F802 /* NetworkRouter.swift */,
				941E98832955F8CB0068F802 /* Router.swift */,
				941E9889295724470068F802 /* NetworkEnvironment.swift */,
			);
			path = Service;
			sourceTree = "<group>";
		};
		941E98722955F1F20068F802 /* EndPoint */ = {
			isa = PBXGroup;
			children = (
				941E9887295721CE0068F802 /* UserEndPoint.swift */,
				941E98992958C2330068F802 /* RaceEndPoint.swift */,
			);
			path = EndPoint;
			sourceTree = "<group>";
		};
		941E98732955F2000068F802 /* Manager */ = {
			isa = PBXGroup;
			children = (
				941E9885295600700068F802 /* NetworkManager.swift */,
			);
			path = Manager;
			sourceTree = "<group>";
		};
		941E98742955F20B0068F802 /* Encoding */ = {
			isa = PBXGroup;
			children = (
				941E987B2955F3C90068F802 /* ParameterEncoding.swift */,
				941E987D2955F4AE0068F802 /* URLParameterEncoder.swift */,
				941E987F2955F70E0068F802 /* JSONParameterEncoder.swift */,
			);
			path = Encoding;
			sourceTree = "<group>";
		};
		941E988B295728F50068F802 /* Entities */ = {
			isa = PBXGroup;
			children = (
				941E988C295729220068F802 /* UserModel.swift */,
				941E98912958731E0068F802 /* ErrorModel.swift */,
				941E98952958C15A0068F802 /* RacesModel.swift */,
				941E989B2958E4830068F802 /* RefreshToken.swift */,
			);
			path = Entities;
			sourceTree = "<group>";
		};
		941E988E29573E330068F802 /* NetworkManagers */ = {
			isa = PBXGroup;
			children = (
				941E988F29573E610068F802 /* UserNetworkManager.swift */,
				941E98932958BB4C0068F802 /* RacesNetworkManager.swift */,
			);
			path = NetworkManagers;
			sourceTree = "<group>";
		};
		947DFC25292C02F800045932 /* OneEvent */ = {
			isa = PBXGroup;
			children = (
				947DFC26292C032600045932 /* OneEventPresenter.swift */,
				947DFC27292C032600045932 /* OneEventRouter.swift */,
				947DFC28292C032600045932 /* OneEventViewController.swift */,
				947DFC29292C032600045932 /* OneEventProtocols.swift */,
				947DFC2A292C032600045932 /* OneEventInteractor.swift */,
				947DFC2B292C032600045932 /* OneEventContainer.swift */,
			);
			path = OneEvent;
			sourceTree = "<group>";
		};
		949A489D290D37BD0011DF11 /* Profile */ = {
			isa = PBXGroup;
			children = (
				949A48AF290DBAC90011DF11 /* Cell */,
				949A489E290D37DA0011DF11 /* ProfilePresenter.swift */,
				949A489F290D37DA0011DF11 /* ProfileRouter.swift */,
				949A48A0290D37DA0011DF11 /* ProfileViewController.swift */,
				949A48A1290D37DA0011DF11 /* ProfileProtocols.swift */,
				949A48A2290D37DA0011DF11 /* ProfileInteractor.swift */,
				949A48A3290D37DA0011DF11 /* ProfileContainer.swift */,
			);
			path = Profile;
			sourceTree = "<group>";
		};
		949A48AF290DBAC90011DF11 /* Cell */ = {
			isa = PBXGroup;
			children = (
				949A48B0290DBADB0011DF11 /* ProfileInfoCell.swift */,
				94B2BFA129211DF500F864B9 /* ProfileFooterCell.swift */,
			);
			path = Cell;
			sourceTree = "<group>";
		};
		94B2BF9A291E553D00F864B9 /* Localization */ = {
			isa = PBXGroup;
			children = (
				94B2BF9F291E557800F864B9 /* Localizable.strings */,
			);
			path = Localization;
			sourceTree = "<group>";
		};
		94B2BFA329211F3900F864B9 /* Delegates */ = {
			isa = PBXGroup;
			children = (
				ECC991ED29054F3A00BC3FA5 /* AppDelegate.swift */,
				ECC991EF29054F3A00BC3FA5 /* SceneDelegate.swift */,
			);
			path = Delegates;
			sourceTree = "<group>";
		};
		94E574932917C82100EF9585 /* Helpers */ = {
			isa = PBXGroup;
			children = (
				94187A22291CF95B00A8163B /* Coordinator */,
				94E574942917C82F00EF9585 /* ColorExtension.swift */,
				94E574972917CA0600EF9585 /* ReuseIdentifier.swift */,
				942FBCF12950DE4F00A13511 /* CustomTextField.swift */,
				947DFC32292C063600045932 /* EventTagView.swift */,
				94FB88CE292CDA2C00A567C6 /* EventMapView.swift */,
				94AEFDC82936312000DD3786 /* EventInfoStackView.swift */,
				942FBCEF294F66AA00A13511 /* RegistrationContentView.swift */,
				94AEE7AA295B483100572BEF /* LocationExtension.swift */,
				9401587129DAD6F1002F42FC /* AddEventContentView.swift */,
				944C6F1929DDA9C900947A1F /* CustomMainButton.swift */,
				944C6F1B29DDB1D800947A1F /* ImagePicker.swift */,
				946C741329E2D536008353DE /* LocationDecoder.swift */,
			);
			path = Helpers;
			sourceTree = "<group>";
		};
		B651D38130143A31EB34BF78 /* Frameworks */ = {
			isa = PBXGroup;
			children = (
				3C4ADE88AF70F35B16C543E1 /* Pods_OnWheels.framework */,
			);
			name = Frameworks;
			sourceTree = "<group>";
		};
		ECC991E129054F3A00BC3FA5 = {
			isa = PBXGroup;
			children = (
				94B2BF9A291E553D00F864B9 /* Localization */,
				ECC991EC29054F3A00BC3FA5 /* OnWheels */,
				ECC991EB29054F3A00BC3FA5 /* Products */,
				66B9F82D5EE906A7663E77A8 /* Pods */,
				B651D38130143A31EB34BF78 /* Frameworks */,
			);
			sourceTree = "<group>";
		};
		ECC991EB29054F3A00BC3FA5 /* Products */ = {
			isa = PBXGroup;
			children = (
				ECC991EA29054F3A00BC3FA5 /* OnWheels.app */,
			);
			name = Products;
			sourceTree = "<group>";
		};
		ECC991EC29054F3A00BC3FA5 /* OnWheels */ = {
			isa = PBXGroup;
			children = (
				941E988E29573E330068F802 /* NetworkManagers */,
				941E988B295728F50068F802 /* Entities */,
				941E98702955F1DB0068F802 /* Networking */,
				947DFC25292C02F800045932 /* OneEvent */,
				7F02BD9E2926ABEB00DDA504 /* AddEvent */,
				94B2BFA329211F3900F864B9 /* Delegates */,
				94B2BF98291E52BA00F864B9 /* R.generated.swift */,
				5455F984292B893B00E63E72 /* Registration */,
				5455F977292B893300E63E72 /* LogIn */,
				94187A3A291D190600A8163B /* Enter */,
				94187A2C291CFD7900A8163B /* Events */,
				94E574932917C82100EF9585 /* Helpers */,
				949A489D290D37BD0011DF11 /* Profile */,
				ECC991F129054F3A00BC3FA5 /* ViewController.swift */,
				5455F991292B8A2600E63E72 /* Extensions */,
				ECC991F329054F3A00BC3FA5 /* Main.storyboard */,
				ECC991F629054F3B00BC3FA5 /* Assets.xcassets */,
				ECC991F829054F3B00BC3FA5 /* LaunchScreen.storyboard */,
				ECC991FB29054F3B00BC3FA5 /* Info.plist */,
			);
			path = OnWheels;
			sourceTree = "<group>";
		};
/* End PBXGroup section */

/* Begin PBXNativeTarget section */
		ECC991E929054F3A00BC3FA5 /* OnWheels */ = {
			isa = PBXNativeTarget;
			buildConfigurationList = ECC991FE29054F3B00BC3FA5 /* Build configuration list for PBXNativeTarget "OnWheels" */;
			buildPhases = (
				B79F15FAA8BDD8BBB359DD35 /* [CP] Check Pods Manifest.lock */,
				94B2BF97291E520900F864B9 /* ShellScript */,
				ECC991E629054F3A00BC3FA5 /* Sources */,
				ECC991E729054F3A00BC3FA5 /* Frameworks */,
				ECC991E829054F3A00BC3FA5 /* Resources */,
				E55F64EBA54DA0991D47FEC8 /* [CP] Embed Pods Frameworks */,
			);
			buildRules = (
			);
			dependencies = (
			);
			name = OnWheels;
			productName = OnWheels;
			productReference = ECC991EA29054F3A00BC3FA5 /* OnWheels.app */;
			productType = "com.apple.product-type.application";
		};
/* End PBXNativeTarget section */

/* Begin PBXProject section */
		ECC991E229054F3A00BC3FA5 /* Project object */ = {
			isa = PBXProject;
			attributes = {
				BuildIndependentTargetsInParallel = 1;
				LastSwiftUpdateCheck = 1400;
				LastUpgradeCheck = 1400;
				TargetAttributes = {
					ECC991E929054F3A00BC3FA5 = {
						CreatedOnToolsVersion = 14.0;
					};
				};
			};
			buildConfigurationList = ECC991E529054F3A00BC3FA5 /* Build configuration list for PBXProject "OnWheels" */;
			compatibilityVersion = "Xcode 13.0";
			developmentRegion = en;
			hasScannedForEncodings = 0;
			knownRegions = (
				en,
				Base,
				ru,
			);
			mainGroup = ECC991E129054F3A00BC3FA5;
			productRefGroup = ECC991EB29054F3A00BC3FA5 /* Products */;
			projectDirPath = "";
			projectRoot = "";
			targets = (
				ECC991E929054F3A00BC3FA5 /* OnWheels */,
			);
		};
/* End PBXProject section */

/* Begin PBXResourcesBuildPhase section */
		ECC991E829054F3A00BC3FA5 /* Resources */ = {
			isa = PBXResourcesBuildPhase;
			buildActionMask = 2147483647;
			files = (
				ECC991FA29054F3B00BC3FA5 /* LaunchScreen.storyboard in Resources */,
				94B2BF9D291E557800F864B9 /* Localizable.strings in Resources */,
				ECC991F729054F3B00BC3FA5 /* Assets.xcassets in Resources */,
				ECC991F529054F3A00BC3FA5 /* Main.storyboard in Resources */,
			);
			runOnlyForDeploymentPostprocessing = 0;
		};
/* End PBXResourcesBuildPhase section */

/* Begin PBXShellScriptBuildPhase section */
		94B2BF97291E520900F864B9 /* ShellScript */ = {
			isa = PBXShellScriptBuildPhase;
			alwaysOutOfDate = 1;
			buildActionMask = 2147483647;
			files = (
			);
			inputFileListPaths = (
			);
			inputPaths = (
			);
			outputFileListPaths = (
			);
			outputPaths = (
				"$(DERIVED_FILE_DIR)/ $SRCROOT/R.generated.swift",
			);
			runOnlyForDeploymentPostprocessing = 0;
			shellPath = /bin/sh;
			shellScript = "\"$PODS_ROOT/R.swift/rswift\" generate \"$SRCROOT/R.generated.swift\"\n";
		};
		B79F15FAA8BDD8BBB359DD35 /* [CP] Check Pods Manifest.lock */ = {
			isa = PBXShellScriptBuildPhase;
			buildActionMask = 2147483647;
			files = (
			);
			inputFileListPaths = (
			);
			inputPaths = (
				"${PODS_PODFILE_DIR_PATH}/Podfile.lock",
				"${PODS_ROOT}/Manifest.lock",
			);
			name = "[CP] Check Pods Manifest.lock";
			outputFileListPaths = (
			);
			outputPaths = (
				"$(DERIVED_FILE_DIR)/Pods-OnWheels-checkManifestLockResult.txt",
			);
			runOnlyForDeploymentPostprocessing = 0;
			shellPath = /bin/sh;
			shellScript = "diff \"${PODS_PODFILE_DIR_PATH}/Podfile.lock\" \"${PODS_ROOT}/Manifest.lock\" > /dev/null\nif [ $? != 0 ] ; then\n    # print error to STDERR\n    echo \"error: The sandbox is not in sync with the Podfile.lock. Run 'pod install' or update your CocoaPods installation.\" >&2\n    exit 1\nfi\n# This output is used by Xcode 'outputs' to avoid re-running this script phase.\necho \"SUCCESS\" > \"${SCRIPT_OUTPUT_FILE_0}\"\n";
			showEnvVarsInLog = 0;
		};
		E55F64EBA54DA0991D47FEC8 /* [CP] Embed Pods Frameworks */ = {
			isa = PBXShellScriptBuildPhase;
			buildActionMask = 2147483647;
			files = (
			);
			inputFileListPaths = (
				"${PODS_ROOT}/Target Support Files/Pods-OnWheels/Pods-OnWheels-frameworks-${CONFIGURATION}-input-files.xcfilelist",
			);
			name = "[CP] Embed Pods Frameworks";
			outputFileListPaths = (
				"${PODS_ROOT}/Target Support Files/Pods-OnWheels/Pods-OnWheels-frameworks-${CONFIGURATION}-output-files.xcfilelist",
			);
			runOnlyForDeploymentPostprocessing = 0;
			shellPath = /bin/sh;
			shellScript = "\"${PODS_ROOT}/Target Support Files/Pods-OnWheels/Pods-OnWheels-frameworks.sh\"\n";
			showEnvVarsInLog = 0;
		};
/* End PBXShellScriptBuildPhase section */

/* Begin PBXSourcesBuildPhase section */
		ECC991E629054F3A00BC3FA5 /* Sources */ = {
			isa = PBXSourcesBuildPhase;
			buildActionMask = 2147483647;
			files = (
				94AEE7AB295B483100572BEF /* LocationExtension.swift in Sources */,
				941E987C2955F3C90068F802 /* ParameterEncoding.swift in Sources */,
				941E987A2955F3060068F802 /* HTTPTask.swift in Sources */,
				7F02BD982926A6B400DDA504 /* EventsContainer.swift in Sources */,
				94187A43291D191B00A8163B /* EnterViewController.swift in Sources */,
				5455F995292B8A2600E63E72 /* UIStackView+Extensions.swift in Sources */,
				5455F98E292B893B00E63E72 /* RegistrationPresenter.swift in Sources */,
				5455F98F292B893B00E63E72 /* RegistrationProtocols.swift in Sources */,
				949A48A6290D37DA0011DF11 /* ProfileViewController.swift in Sources */,
				5455F980292B893300E63E72 /* LogInViewController.swift in Sources */,
				947DFC33292C063600045932 /* EventTagView.swift in Sources */,
				5455F98B292B893B00E63E72 /* RegistrationInteractor.swift in Sources */,
				94187A24291CFB8400A8163B /* AuthCoordinator.swift in Sources */,
				944C6F1A29DDA9C900947A1F /* CustomMainButton.swift in Sources */,
				5455F97F292B893300E63E72 /* LogInInteractor.swift in Sources */,
				5455F983292B893300E63E72 /* LogInRouter.swift in Sources */,
				94187A46291D191B00A8163B /* EnterContainer.swift in Sources */,
				947DFC2F292C032600045932 /* OneEventProtocols.swift in Sources */,
				94187A24291CFB8400A8163B /* AuthCoordinator.swift in Sources */,
				7F02BDA82926AC5900DDA504 /* AddEventProtocols.swift in Sources */,
				941E987E2955F4AE0068F802 /* URLParameterEncoder.swift in Sources */,
				94187A46291D191B00A8163B /* EnterContainer.swift in Sources */,
				7F02BDA52926AC5900DDA504 /* AddEventPresenter.swift in Sources */,
				94187A42291D191B00A8163B /* EnterRouter.swift in Sources */,
				94187A45291D191B00A8163B /* EnterInteractor.swift in Sources */,
				7F02BD972926A6B400DDA504 /* EventsRouter.swift in Sources */,
				7F02BD952926A6B400DDA504 /* EventsPresenter.swift in Sources */,
				7F02BD962926A6B400DDA504 /* EventsViewController.swift in Sources */,
				ECC991F229054F3A00BC3FA5 /* ViewController.swift in Sources */,
				ECC991EE29054F3A00BC3FA5 /* AppDelegate.swift in Sources */,
				949A48A4290D37DA0011DF11 /* ProfilePresenter.swift in Sources */,
				941E989A2958C2330068F802 /* RaceEndPoint.swift in Sources */,
				ECC991F029054F3A00BC3FA5 /* SceneDelegate.swift in Sources */,
				941E988A295724470068F802 /* NetworkEnvironment.swift in Sources */,
				7F02BDA72926AC5900DDA504 /* AddEventViewController.swift in Sources */,
				7F02BDA92926AC5900DDA504 /* AddEventInteractor.swift in Sources */,
				94B2BF99291E52BA00F864B9 /* R.generated.swift in Sources */,
				5455F990292B893B00E63E72 /* RegistrationViewController.swift in Sources */,
				5455F97E292B893300E63E72 /* LogInContainer.swift in Sources */,
				7F02BD992926A6B400DDA504 /* EventsProtocols.swift in Sources */,
				941E98822955F7DB0068F802 /* NetworkRouter.swift in Sources */,
				946C741429E2D536008353DE /* LocationDecoder.swift in Sources */,
				94187A41291D191B00A8163B /* EnterPresenter.swift in Sources */,
				941E989C2958E4830068F802 /* RefreshToken.swift in Sources */,
				941E98942958BB4C0068F802 /* RacesNetworkManager.swift in Sources */,
				7F02BD9A2926A6B400DDA504 /* EventsInteractor.swift in Sources */,
				94187A26291CFB9100A8163B /* AppCoordinator.swift in Sources */,
				947DFC2C292C032600045932 /* OneEventPresenter.swift in Sources */,
				5455F994292B8A2600E63E72 /* UIView+Extensions.swift in Sources */,
				941E988D295729220068F802 /* UserModel.swift in Sources */,
				941E98762955F2250068F802 /* EndPointType.swift in Sources */,
				5455F982292B893300E63E72 /* LogInPresenter.swift in Sources */,
				942FBCF22950DE4F00A13511 /* CustomTextField.swift in Sources */,
				949A48A5290D37DA0011DF11 /* ProfileRouter.swift in Sources */,
				947DFC30292C032600045932 /* OneEventInteractor.swift in Sources */,
				941E98922958731E0068F802 /* ErrorModel.swift in Sources */,
				942FBCF0294F66AA00A13511 /* RegistrationContentView.swift in Sources */,
				94B2BFA229211DF500F864B9 /* ProfileFooterCell.swift in Sources */,
				7F02BDA62926AC5900DDA504 /* AddEventRouter.swift in Sources */,
				9401587229DAD6F1002F42FC /* AddEventContentView.swift in Sources */,
				941E98962958C15A0068F802 /* RacesModel.swift in Sources */,
				94187A28291CFB9E00A8163B /* MainFlowCoordinator.swift in Sources */,
				941E98802955F70E0068F802 /* JSONParameterEncoder.swift in Sources */,
				94FB88CF292CDA2C00A567C6 /* EventMapView.swift in Sources */,
				947DFC31292C032600045932 /* OneEventContainer.swift in Sources */,
				947DFC2D292C032600045932 /* OneEventRouter.swift in Sources */,
				941E989029573E610068F802 /* UserNetworkManager.swift in Sources */,
				5455F98D292B893B00E63E72 /* RegistrationContainer.swift in Sources */,
				941E9886295600700068F802 /* NetworkManager.swift in Sources */,
				949A48A8290D37DA0011DF11 /* ProfileInteractor.swift in Sources */,
				94187A44291D191B00A8163B /* EnterProtocols.swift in Sources */,
				941E9888295721CE0068F802 /* UserEndPoint.swift in Sources */,
				941E98782955F29E0068F802 /* HTTPMethod.swift in Sources */,
				94187A2A291CFBAA00A8163B /* CoordinatorProtocol.swift in Sources */,
				944C6F1C29DDB1D800947A1F /* ImagePicker.swift in Sources */,
				5455F98C292B893B00E63E72 /* RegistrationRouter.swift in Sources */,
				94E574982917CA0600EF9585 /* ReuseIdentifier.swift in Sources */,
				949A48A7290D37DA0011DF11 /* ProfileProtocols.swift in Sources */,
				94AEFDC92936312000DD3786 /* EventInfoStackView.swift in Sources */,
				7F02BD9D2926A6BD00DDA504 /* EventsInfoCell.swift in Sources */,
				949A48A9290D37DA0011DF11 /* ProfileContainer.swift in Sources */,
				7F02BDAA2926AC5900DDA504 /* AddEventContainer.swift in Sources */,
				941E98842955F8CB0068F802 /* Router.swift in Sources */,
				94E574952917C82F00EF9585 /* ColorExtension.swift in Sources */,
				947DFC2E292C032600045932 /* OneEventViewController.swift in Sources */,
				5455F981292B893300E63E72 /* LogInProtocols.swift in Sources */,
				949A48B1290DBADB0011DF11 /* ProfileInfoCell.swift in Sources */,
			);
			runOnlyForDeploymentPostprocessing = 0;
		};
/* End PBXSourcesBuildPhase section */

/* Begin PBXVariantGroup section */
		94B2BF9F291E557800F864B9 /* Localizable.strings */ = {
			isa = PBXVariantGroup;
			children = (
				94B2BF9E291E557800F864B9 /* en */,
				94B2BFA0291E55A300F864B9 /* ru */,
			);
			name = Localizable.strings;
			sourceTree = "<group>";
		};
		ECC991F329054F3A00BC3FA5 /* Main.storyboard */ = {
			isa = PBXVariantGroup;
			children = (
				ECC991F429054F3A00BC3FA5 /* Base */,
			);
			name = Main.storyboard;
			sourceTree = "<group>";
		};
		ECC991F829054F3B00BC3FA5 /* LaunchScreen.storyboard */ = {
			isa = PBXVariantGroup;
			children = (
				ECC991F929054F3B00BC3FA5 /* Base */,
			);
			name = LaunchScreen.storyboard;
			sourceTree = "<group>";
		};
/* End PBXVariantGroup section */

/* Begin XCBuildConfiguration section */
		ECC991FC29054F3B00BC3FA5 /* Debug */ = {
			isa = XCBuildConfiguration;
			buildSettings = {
				ALWAYS_SEARCH_USER_PATHS = NO;
				CLANG_ANALYZER_LOCALIZABILITY_NONLOCALIZED = YES;
				CLANG_ANALYZER_NONNULL = YES;
				CLANG_ANALYZER_NUMBER_OBJECT_CONVERSION = YES_AGGRESSIVE;
				CLANG_CXX_LANGUAGE_STANDARD = "gnu++20";
				CLANG_ENABLE_MODULES = YES;
				CLANG_ENABLE_OBJC_ARC = YES;
				CLANG_ENABLE_OBJC_WEAK = YES;
				CLANG_WARN_BLOCK_CAPTURE_AUTORELEASING = YES;
				CLANG_WARN_BOOL_CONVERSION = YES;
				CLANG_WARN_COMMA = YES;
				CLANG_WARN_CONSTANT_CONVERSION = YES;
				CLANG_WARN_DEPRECATED_OBJC_IMPLEMENTATIONS = YES;
				CLANG_WARN_DIRECT_OBJC_ISA_USAGE = YES_ERROR;
				CLANG_WARN_DOCUMENTATION_COMMENTS = YES;
				CLANG_WARN_EMPTY_BODY = YES;
				CLANG_WARN_ENUM_CONVERSION = YES;
				CLANG_WARN_INFINITE_RECURSION = YES;
				CLANG_WARN_INT_CONVERSION = YES;
				CLANG_WARN_NON_LITERAL_NULL_CONVERSION = YES;
				CLANG_WARN_OBJC_IMPLICIT_RETAIN_SELF = YES;
				CLANG_WARN_OBJC_LITERAL_CONVERSION = YES;
				CLANG_WARN_OBJC_ROOT_CLASS = YES_ERROR;
				CLANG_WARN_QUOTED_INCLUDE_IN_FRAMEWORK_HEADER = YES;
				CLANG_WARN_RANGE_LOOP_ANALYSIS = YES;
				CLANG_WARN_STRICT_PROTOTYPES = YES;
				CLANG_WARN_SUSPICIOUS_MOVE = YES;
				CLANG_WARN_UNGUARDED_AVAILABILITY = YES_AGGRESSIVE;
				CLANG_WARN_UNREACHABLE_CODE = YES;
				CLANG_WARN__DUPLICATE_METHOD_MATCH = YES;
				COPY_PHASE_STRIP = NO;
				DEBUG_INFORMATION_FORMAT = dwarf;
				ENABLE_STRICT_OBJC_MSGSEND = YES;
				ENABLE_TESTABILITY = YES;
				GCC_C_LANGUAGE_STANDARD = gnu11;
				GCC_DYNAMIC_NO_PIC = NO;
				GCC_NO_COMMON_BLOCKS = YES;
				GCC_OPTIMIZATION_LEVEL = 0;
				GCC_PREPROCESSOR_DEFINITIONS = (
					"DEBUG=1",
					"$(inherited)",
				);
				GCC_WARN_64_TO_32_BIT_CONVERSION = YES;
				GCC_WARN_ABOUT_RETURN_TYPE = YES_ERROR;
				GCC_WARN_UNDECLARED_SELECTOR = YES;
				GCC_WARN_UNINITIALIZED_AUTOS = YES_AGGRESSIVE;
				GCC_WARN_UNUSED_FUNCTION = YES;
				GCC_WARN_UNUSED_VARIABLE = YES;
				IPHONEOS_DEPLOYMENT_TARGET = 16.0;
				MTL_ENABLE_DEBUG_INFO = INCLUDE_SOURCE;
				MTL_FAST_MATH = YES;
				ONLY_ACTIVE_ARCH = YES;
				SDKROOT = iphoneos;
				SWIFT_ACTIVE_COMPILATION_CONDITIONS = DEBUG;
				SWIFT_OPTIMIZATION_LEVEL = "-Onone";
			};
			name = Debug;
		};
		ECC991FD29054F3B00BC3FA5 /* Release */ = {
			isa = XCBuildConfiguration;
			buildSettings = {
				ALWAYS_SEARCH_USER_PATHS = NO;
				CLANG_ANALYZER_LOCALIZABILITY_NONLOCALIZED = YES;
				CLANG_ANALYZER_NONNULL = YES;
				CLANG_ANALYZER_NUMBER_OBJECT_CONVERSION = YES_AGGRESSIVE;
				CLANG_CXX_LANGUAGE_STANDARD = "gnu++20";
				CLANG_ENABLE_MODULES = YES;
				CLANG_ENABLE_OBJC_ARC = YES;
				CLANG_ENABLE_OBJC_WEAK = YES;
				CLANG_WARN_BLOCK_CAPTURE_AUTORELEASING = YES;
				CLANG_WARN_BOOL_CONVERSION = YES;
				CLANG_WARN_COMMA = YES;
				CLANG_WARN_CONSTANT_CONVERSION = YES;
				CLANG_WARN_DEPRECATED_OBJC_IMPLEMENTATIONS = YES;
				CLANG_WARN_DIRECT_OBJC_ISA_USAGE = YES_ERROR;
				CLANG_WARN_DOCUMENTATION_COMMENTS = YES;
				CLANG_WARN_EMPTY_BODY = YES;
				CLANG_WARN_ENUM_CONVERSION = YES;
				CLANG_WARN_INFINITE_RECURSION = YES;
				CLANG_WARN_INT_CONVERSION = YES;
				CLANG_WARN_NON_LITERAL_NULL_CONVERSION = YES;
				CLANG_WARN_OBJC_IMPLICIT_RETAIN_SELF = YES;
				CLANG_WARN_OBJC_LITERAL_CONVERSION = YES;
				CLANG_WARN_OBJC_ROOT_CLASS = YES_ERROR;
				CLANG_WARN_QUOTED_INCLUDE_IN_FRAMEWORK_HEADER = YES;
				CLANG_WARN_RANGE_LOOP_ANALYSIS = YES;
				CLANG_WARN_STRICT_PROTOTYPES = YES;
				CLANG_WARN_SUSPICIOUS_MOVE = YES;
				CLANG_WARN_UNGUARDED_AVAILABILITY = YES_AGGRESSIVE;
				CLANG_WARN_UNREACHABLE_CODE = YES;
				CLANG_WARN__DUPLICATE_METHOD_MATCH = YES;
				COPY_PHASE_STRIP = NO;
				DEBUG_INFORMATION_FORMAT = "dwarf-with-dsym";
				ENABLE_NS_ASSERTIONS = NO;
				ENABLE_STRICT_OBJC_MSGSEND = YES;
				GCC_C_LANGUAGE_STANDARD = gnu11;
				GCC_NO_COMMON_BLOCKS = YES;
				GCC_WARN_64_TO_32_BIT_CONVERSION = YES;
				GCC_WARN_ABOUT_RETURN_TYPE = YES_ERROR;
				GCC_WARN_UNDECLARED_SELECTOR = YES;
				GCC_WARN_UNINITIALIZED_AUTOS = YES_AGGRESSIVE;
				GCC_WARN_UNUSED_FUNCTION = YES;
				GCC_WARN_UNUSED_VARIABLE = YES;
				IPHONEOS_DEPLOYMENT_TARGET = 16.0;
				MTL_ENABLE_DEBUG_INFO = NO;
				MTL_FAST_MATH = YES;
				SDKROOT = iphoneos;
				SWIFT_COMPILATION_MODE = wholemodule;
				SWIFT_OPTIMIZATION_LEVEL = "-O";
				VALIDATE_PRODUCT = YES;
			};
			name = Release;
		};
		ECC991FF29054F3B00BC3FA5 /* Debug */ = {
			isa = XCBuildConfiguration;
			baseConfigurationReference = 2CD4B8820DA8076D6EA7C251 /* Pods-OnWheels.debug.xcconfig */;
			buildSettings = {
				ASSETCATALOG_COMPILER_APPICON_NAME = AppIcon;
				ASSETCATALOG_COMPILER_GLOBAL_ACCENT_COLOR_NAME = AccentColor;
				CODE_SIGN_STYLE = Automatic;
				CURRENT_PROJECT_VERSION = 1;
				DEVELOPMENT_TEAM = 8658YBX4V7;
				GENERATE_INFOPLIST_FILE = YES;
				INFOPLIST_FILE = OnWheels/Info.plist;
				INFOPLIST_KEY_UIApplicationSupportsIndirectInputEvents = YES;
				INFOPLIST_KEY_UILaunchStoryboardName = LaunchScreen;
				INFOPLIST_KEY_UIMainStoryboardFile = Main;
				INFOPLIST_KEY_UISupportedInterfaceOrientations_iPad = "UIInterfaceOrientationPortrait UIInterfaceOrientationPortraitUpsideDown UIInterfaceOrientationLandscapeLeft UIInterfaceOrientationLandscapeRight";
				INFOPLIST_KEY_UISupportedInterfaceOrientations_iPhone = "UIInterfaceOrientationPortrait UIInterfaceOrientationLandscapeLeft UIInterfaceOrientationLandscapeRight";
				IPHONEOS_DEPLOYMENT_TARGET = 15.0;
				LD_RUNPATH_SEARCH_PATHS = (
					"$(inherited)",
					"@executable_path/Frameworks",
				);
				MARKETING_VERSION = 1.0;
				PRODUCT_BUNDLE_IDENTIFIER = com.VR1.OnWheels;
				PRODUCT_NAME = "$(TARGET_NAME)";
				SWIFT_EMIT_LOC_STRINGS = YES;
				SWIFT_VERSION = 5.0;
				TARGETED_DEVICE_FAMILY = "1,2";
			};
			name = Debug;
		};
		ECC9920029054F3B00BC3FA5 /* Release */ = {
			isa = XCBuildConfiguration;
			baseConfigurationReference = D6908DD2E42FBDBAAFCECDCB /* Pods-OnWheels.release.xcconfig */;
			buildSettings = {
				ASSETCATALOG_COMPILER_APPICON_NAME = AppIcon;
				ASSETCATALOG_COMPILER_GLOBAL_ACCENT_COLOR_NAME = AccentColor;
				CODE_SIGN_STYLE = Automatic;
				CURRENT_PROJECT_VERSION = 1;
				DEVELOPMENT_TEAM = 8658YBX4V7;
				GENERATE_INFOPLIST_FILE = YES;
				INFOPLIST_FILE = OnWheels/Info.plist;
				INFOPLIST_KEY_UIApplicationSupportsIndirectInputEvents = YES;
				INFOPLIST_KEY_UILaunchStoryboardName = LaunchScreen;
				INFOPLIST_KEY_UIMainStoryboardFile = Main;
				INFOPLIST_KEY_UISupportedInterfaceOrientations_iPad = "UIInterfaceOrientationPortrait UIInterfaceOrientationPortraitUpsideDown UIInterfaceOrientationLandscapeLeft UIInterfaceOrientationLandscapeRight";
				INFOPLIST_KEY_UISupportedInterfaceOrientations_iPhone = "UIInterfaceOrientationPortrait UIInterfaceOrientationLandscapeLeft UIInterfaceOrientationLandscapeRight";
				IPHONEOS_DEPLOYMENT_TARGET = 15.0;
				LD_RUNPATH_SEARCH_PATHS = (
					"$(inherited)",
					"@executable_path/Frameworks",
				);
				MARKETING_VERSION = 1.0;
				PRODUCT_BUNDLE_IDENTIFIER = com.VR1.OnWheels;
				PRODUCT_NAME = "$(TARGET_NAME)";
				SWIFT_EMIT_LOC_STRINGS = YES;
				SWIFT_VERSION = 5.0;
				TARGETED_DEVICE_FAMILY = "1,2";
			};
			name = Release;
		};
/* End XCBuildConfiguration section */

/* Begin XCConfigurationList section */
		ECC991E529054F3A00BC3FA5 /* Build configuration list for PBXProject "OnWheels" */ = {
			isa = XCConfigurationList;
			buildConfigurations = (
				ECC991FC29054F3B00BC3FA5 /* Debug */,
				ECC991FD29054F3B00BC3FA5 /* Release */,
			);
			defaultConfigurationIsVisible = 0;
			defaultConfigurationName = Release;
		};
		ECC991FE29054F3B00BC3FA5 /* Build configuration list for PBXNativeTarget "OnWheels" */ = {
			isa = XCConfigurationList;
			buildConfigurations = (
				ECC991FF29054F3B00BC3FA5 /* Debug */,
				ECC9920029054F3B00BC3FA5 /* Release */,
			);
			defaultConfigurationIsVisible = 0;
			defaultConfigurationName = Release;
		};
/* End XCConfigurationList section */
	};
	rootObject = ECC991E229054F3A00BC3FA5 /* Project object */;
}
